{
  "name": "clienteservicio",
  "version": "1.0.0",
  "lockfileVersion": 3,
  "requires": true,
  "packages": {
    "": {
      "name": "clienteservicio",
      "version": "1.0.0",
      "license": "ISC",
      "dependencies": {
        "bootstrap": "^5.3.3",
        "datatables.net": "^2.1.8",
        "datatables.net-dt": "^2.1.8",
        "datatables.net-fixedcolumns-dt": "^5.0.4",
        "datatables.net-responsive": "^3.0.3",
        "datatables.net-responsive-dt": "^3.0.3",
        "jquery": "^3.7.1"
      },
      "devDependencies": {
        "@types/bootstrap": "^5.2.10",
        "@types/datatables.net": "^1.12.3",
        "@types/datatables.net-fixedcolumns": "^4.0.3",
        "@types/jquery": "^3.5.32",
        "typescript": "^5.6.3"
      }
    },
    "node_modules/@popperjs/core": {
      "version": "2.11.8",
      "resolved": "https://registry.npmjs.org/@popperjs/core/-/core-2.11.8.tgz",
      "integrity": "sha512-P1st0aksCrn9sGZhp8GMYwBnQsbvAWsZAX44oXNNvLHGqAOcoVxmjZiohstwQ7SqKnbR47akdNi+uleWD8+g6A==",
      "funding": {
        "type": "opencollective",
        "url": "https://opencollective.com/popperjs"
      }
    },
    "node_modules/@types/bootstrap": {
      "version": "5.2.10",
      "resolved": "https://registry.npmjs.org/@types/bootstrap/-/bootstrap-5.2.10.tgz",
      "integrity": "sha512-F2X+cd6551tep0MvVZ6nM8v7XgGN/twpdNDjqS1TUM7YFNEtQYWk+dKAnH+T1gr6QgCoGMPl487xw/9hXooa2g==",
      "dev": true,
      "dependencies": {
        "@popperjs/core": "^2.9.2"
      }
    },
    "node_modules/@types/datatables.net": {
      "version": "1.12.3",
      "resolved": "https://registry.npmjs.org/@types/datatables.net/-/datatables.net-1.12.3.tgz",
      "integrity": "sha512-6Vguiqfey9UMweEJDrfi3K6PCizqAfVm8eW8oeFQPc7l/Pq/LjHmiBb5uu1nSWo8XE85yfjXFxcCHf3r2JmAMA==",
      "deprecated": "This is a stub types definition. datatables.net provides its own type definitions, so you do not need this installed.",
      "dev": true,
      "dependencies": {
        "datatables.net": "*"
      }
    },
    "node_modules/@types/datatables.net-fixedcolumns": {
      "version": "4.0.3",
      "resolved": "https://registry.npmjs.org/@types/datatables.net-fixedcolumns/-/datatables.net-fixedcolumns-4.0.3.tgz",
      "integrity": "sha512-pdUlyedQLCDIP/4A3irnRYKGMVraUHxKhqj1HNbIDa2hMD4CPJL3LMLj+awQPXNKJwrIMu7g1r8IWGVeousa3Q==",
      "deprecated": "This is a stub types definition. datatables.net-fixedcolumns provides its own type definitions, so you do not need this installed.",
      "dev": true,
      "dependencies": {
        "datatables.net-fixedcolumns": "*"
      }
    },
    "node_modules/@types/jquery": {
      "version": "3.5.32",
      "resolved": "https://registry.npmjs.org/@types/jquery/-/jquery-3.5.32.tgz",
      "integrity": "sha512-b9Xbf4CkMqS02YH8zACqN1xzdxc3cO735Qe5AbSUFmyOiaWAbcpqh9Wna+Uk0vgACvoQHpWDg2rGdHkYPLmCiQ==",
      "dev": true,
      "dependencies": {
        "@types/sizzle": "*"
      }
    },
    "node_modules/@types/sizzle": {
      "version": "2.3.9",
      "resolved": "https://registry.npmjs.org/@types/sizzle/-/sizzle-2.3.9.tgz",
      "integrity": "sha512-xzLEyKB50yqCUPUJkIsrVvoWNfFUbIZI+RspLWt8u+tIW/BetMBZtgV2LY/2o+tYH8dRvQ+eoPf3NdhQCcLE2w==",
      "dev": true
    },
    "node_modules/bootstrap": {
      "version": "5.3.3",
      "resolved": "https://registry.npmjs.org/bootstrap/-/bootstrap-5.3.3.tgz",
      "integrity": "sha512-8HLCdWgyoMguSO9o+aH+iuZ+aht+mzW0u3HIMzVu7Srrpv7EBBxTnrFlSCskwdY1+EOFQSm7uMJhNQHkdPcmjg==",
      "funding": [
        {
          "type": "github",
          "url": "https://github.com/sponsors/twbs"
        },
        {
          "type": "opencollective",
          "url": "https://opencollective.com/bootstrap"
        }
      ],
      "peerDependencies": {
        "@popperjs/core": "^2.11.8"
      }
    },
    "node_modules/datatables.net": {
      "version": "2.1.8",
      "resolved": "https://registry.npmjs.org/datatables.net/-/datatables.net-2.1.8.tgz",
      "integrity": "sha512-47ULt+U4bcjbuGTpTlT6SnCuSFVRBxxdWa6X3NfvTObBJ2BZU0o+JUIl05wQ6cABNIavjbAV51gpgvFsMHL9zA==",
      "dependencies": {
        "jquery": ">=1.7"
      }
    },
    "node_modules/datatables.net-dt": {
      "version": "2.1.8",
      "resolved": "https://registry.npmjs.org/datatables.net-dt/-/datatables.net-dt-2.1.8.tgz",
      "integrity": "sha512-/ScKmyKIpKXzjOJrnJLOWMf2jOQfrYjayNMhUyeMzf3jKhNevHNvImU9MQ/Bab9yheKLjHLL24IgnshAvRFrng==",
      "dependencies": {
        "datatables.net": "2.1.8",
        "jquery": ">=1.7"
      }
    },
    "node_modules/datatables.net-fixedcolumns": {
      "version": "5.0.4",
      "resolved": "https://registry.npmjs.org/datatables.net-fixedcolumns/-/datatables.net-fixedcolumns-5.0.4.tgz",
      "integrity": "sha512-mYZ18oahD2oopcpBDmbSEZ2w+bna4TuTmmoaNd01JLEkJWsAH2yZ99fYslLrBX5Rku4GnCG5J8Sr3cJrrLw+3g==",
      "dependencies": {
        "datatables.net": "^2",
        "jquery": ">=1.7"
      }
    },
    "node_modules/datatables.net-fixedcolumns-dt": {
      "version": "5.0.4",
      "resolved": "https://registry.npmjs.org/datatables.net-fixedcolumns-dt/-/datatables.net-fixedcolumns-dt-5.0.4.tgz",
      "integrity": "sha512-zfy/3Nuxy6eE4Crnum/L5hZQShvtXrPBN5HDmmXXefd9xMl8Zl+a+kH4ykWXDa3U6x75molirCcW98UiMtomiw==",
      "dependencies": {
        "datatables.net-dt": "^2",
        "datatables.net-fixedcolumns": "5.0.4",
        "jquery": ">=1.7"
      }
    },
    "node_modules/datatables.net-responsive": {
      "version": "3.0.3",
      "resolved": "https://registry.npmjs.org/datatables.net-responsive/-/datatables.net-responsive-3.0.3.tgz",
      "integrity": "sha512-/VU5U3P+l3GSdo92Mclt5YlrETNkfIZZU1MOk0aHNt0VqQOE0dORhx5Nwa8pYVsBuQBYzzyROZLru6UivEWv3Q==",
      "dependencies": {
        "datatables.net": "^2",
        "jquery": ">=1.7"
      }
    },
    "node_modules/datatables.net-responsive-dt": {
      "version": "3.0.3",
      "resolved": "https://registry.npmjs.org/datatables.net-responsive-dt/-/datatables.net-responsive-dt-3.0.3.tgz",
      "integrity": "sha512-9Q3Ka8JFzLWfzAVpEePkIehQqjo0JkZiqh8r63wGzmnd/H10LmMNsTQIL5CxoKHFVMuUiWHSW3TS4Xga5E4bOg==",
      "dependencies": {
        "datatables.net-dt": "^2",
        "datatables.net-responsive": "3.0.3",
        "jquery": ">=1.7"
      }
    },
    "node_modules/jquery": {
      "version": "3.7.1",
      "resolved": "https://registry.npmjs.org/jquery/-/jquery-3.7.1.tgz",
      "integrity": "sha512-m4avr8yL8kmFN8psrbFFFmB/If14iN5o9nw/NgnnM+kybDJpRsAynV2BsfpTYrTRysYUdADVD7CkUUizgkpLfg=="
    },
    "node_modules/typescript": {
      "version": "5.6.3",
      "resolved": "https://registry.npmjs.org/typescript/-/typescript-5.6.3.tgz",
      "integrity": "sha512-hjcS1mhfuyi4WW8IWtjP7brDrG2cuDZukyrYrSauoXGNgx0S7zceP07adYkJycEr56BOUTNPzbInooiN3fn1qw==",
      "dev": true,
      "bin": {
        "tsc": "bin/tsc",
        "tsserver": "bin/tsserver"
      },
      "engines": {
        "node": ">=14.17"
      }
    }
  }
}
